
Microsoft Visual Studio Solution File, Format Version 12.00
# Visual Studio Version 16
VisualStudioVersion = 16.0.30503.244
MinimumVisualStudioVersion = 10.0.40219.1
Project("{FAE04EC0-301F-11D3-BF4B-00C04F79EFBC}") = "CarDemo", "CarDemo.csproj", "{B762532C-5C21-43F4-9B60-1753A261AB32}"
EndProject
Global
	GlobalSection(SolutionConfigurationPlatforms) = preSolution
		Debug|Any CPU = Debug|Any CPU
		Release|Any CPU = Release|Any CPU
	EndGlobalSection
	GlobalSection(ProjectConfigurationPlatforms) = postSolution
		{B762532C-5C21-43F4-9B60-1753A261AB32}.Debug|Any CPU.ActiveCfg = Debug|Any CPU
		{B762532C-5C21-43F4-9B60-1753A261AB32}.Debug|Any CPU.Build.0 = Debug|Any CPU
		{B762532C-5C21-43F4-9B60-1753A261AB32}.Release|Any CPU.ActiveCfg = Release|Any CPU
		{B762532C-5C21-43F4-9B60-1753A261AB32}.Release|Any CPU.Build.0 = Release|Any CPU
	EndGlobalSection
	GlobalSection(SolutionProperties) = preSolution
		HideSolutionNode = FALSE
	EndGlobalSection
	GlobalSection(ExtensibilityGlobals) = postSolution
		SolutionGuid = {FD9C15C4-5667-48B1-9FD1-4F986B69148A}
	EndGlobalSection
EndGlobal
