
Microsoft Visual Studio Solution File, Format Version 12.00
# Visual Studio 15
VisualStudioVersion = 15.0.25914.0
MinimumVisualStudioVersion = 10.0.40219.1
Project("{FAE04EC0-301F-11D3-BF4B-00C04F79EFBC}") = "CalendarDemo", "CalendarDemo\CalendarDemo.csproj", "{339A66D6-5592-43D7-82C1-CD0BE0A2AE06}"
EndProject
Global
	GlobalSection(SolutionConfigurationPlatforms) = preSolution
		Debug|Any CPU = Debug|Any CPU
		Release|Any CPU = Release|Any CPU
	EndGlobalSection
	GlobalSection(ProjectConfigurationPlatforms) = postSolution
		{339A66D6-5592-43D7-82C1-CD0BE0A2AE06}.Debug|Any CPU.ActiveCfg = Debug|Any CPU
		{339A66D6-5592-43D7-82C1-CD0BE0A2AE06}.Debug|Any CPU.Build.0 = Debug|Any CPU
		{339A66D6-5592-43D7-82C1-CD0BE0A2AE06}.Release|Any CPU.ActiveCfg = Release|Any CPU
		{339A66D6-5592-43D7-82C1-CD0BE0A2AE06}.Release|Any CPU.Build.0 = Release|Any CPU
	EndGlobalSection
	GlobalSection(SolutionProperties) = preSolution
		HideSolutionNode = FALSE
	EndGlobalSection
EndGlobal
