
Microsoft Visual Studio Solution File, Format Version 12.00
# Visual Studio Version 16
VisualStudioVersion = 16.0.30517.126
MinimumVisualStudioVersion = 10.0.40219.1
Project("{FAE04EC0-301F-11D3-BF4B-00C04F79EFBC}") = "ClassLibraryWithUnitTest", "ClassLibraryWithUnitTest.csproj", "{2A2E6452-312A-4260-AA5A-A7CAAD5DBC1F}"
EndProject
Project("{FAE04EC0-301F-11D3-BF4B-00C04F79EFBC}") = "ClassLibraryWithUnitTestTests", "..\ClassLibraryWithUnitTestTests\ClassLibraryWithUnitTestTests.csproj", "{E3775882-D52B-46BA-8B8C-F515B5DC4754}"
EndProject
Global
	GlobalSection(SolutionConfigurationPlatforms) = preSolution
		Debug|Any CPU = Debug|Any CPU
		Release|Any CPU = Release|Any CPU
	EndGlobalSection
	GlobalSection(ProjectConfigurationPlatforms) = postSolution
		{2A2E6452-312A-4260-AA5A-A7CAAD5DBC1F}.Debug|Any CPU.ActiveCfg = Debug|Any CPU
		{2A2E6452-312A-4260-AA5A-A7CAAD5DBC1F}.Debug|Any CPU.Build.0 = Debug|Any CPU
		{2A2E6452-312A-4260-AA5A-A7CAAD5DBC1F}.Release|Any CPU.ActiveCfg = Release|Any CPU
		{2A2E6452-312A-4260-AA5A-A7CAAD5DBC1F}.Release|Any CPU.Build.0 = Release|Any CPU
		{E3775882-D52B-46BA-8B8C-F515B5DC4754}.Debug|Any CPU.ActiveCfg = Debug|Any CPU
		{E3775882-D52B-46BA-8B8C-F515B5DC4754}.Debug|Any CPU.Build.0 = Debug|Any CPU
		{E3775882-D52B-46BA-8B8C-F515B5DC4754}.Release|Any CPU.ActiveCfg = Release|Any CPU
		{E3775882-D52B-46BA-8B8C-F515B5DC4754}.Release|Any CPU.Build.0 = Release|Any CPU
	EndGlobalSection
	GlobalSection(SolutionProperties) = preSolution
		HideSolutionNode = FALSE
	EndGlobalSection
	GlobalSection(ExtensibilityGlobals) = postSolution
		SolutionGuid = {87CD0BBF-60FC-4DD9-80D4-4C9A49FF85CA}
	EndGlobalSection
EndGlobal
