
Microsoft Visual Studio Solution File, Format Version 12.00
# Visual Studio Version 16
VisualStudioVersion = 16.0.30517.126
MinimumVisualStudioVersion = 10.0.40219.1
Project("{FAE04EC0-301F-11D3-BF4B-00C04F79EFBC}") = "TheCookieSource", "TheCookieSource.csproj", "{E1ED48E3-2377-4E4D-9F7F-FDEFBEC24825}"
EndProject
Project("{FAE04EC0-301F-11D3-BF4B-00C04F79EFBC}") = "TheCookieSourceTest", "..\TheCookieSourceTest\TheCookieSourceTest.csproj", "{9F6A24B7-28A9-4B5E-A6BC-EF2F1779EE4F}"
EndProject
Global
	GlobalSection(SolutionConfigurationPlatforms) = preSolution
		Debug|Any CPU = Debug|Any CPU
		Release|Any CPU = Release|Any CPU
	EndGlobalSection
	GlobalSection(ProjectConfigurationPlatforms) = postSolution
		{E1ED48E3-2377-4E4D-9F7F-FDEFBEC24825}.Debug|Any CPU.ActiveCfg = Debug|Any CPU
		{E1ED48E3-2377-4E4D-9F7F-FDEFBEC24825}.Debug|Any CPU.Build.0 = Debug|Any CPU
		{E1ED48E3-2377-4E4D-9F7F-FDEFBEC24825}.Release|Any CPU.ActiveCfg = Release|Any CPU
		{E1ED48E3-2377-4E4D-9F7F-FDEFBEC24825}.Release|Any CPU.Build.0 = Release|Any CPU
		{9F6A24B7-28A9-4B5E-A6BC-EF2F1779EE4F}.Debug|Any CPU.ActiveCfg = Debug|Any CPU
		{9F6A24B7-28A9-4B5E-A6BC-EF2F1779EE4F}.Debug|Any CPU.Build.0 = Debug|Any CPU
		{9F6A24B7-28A9-4B5E-A6BC-EF2F1779EE4F}.Release|Any CPU.ActiveCfg = Release|Any CPU
		{9F6A24B7-28A9-4B5E-A6BC-EF2F1779EE4F}.Release|Any CPU.Build.0 = Release|Any CPU
	EndGlobalSection
	GlobalSection(SolutionProperties) = preSolution
		HideSolutionNode = FALSE
	EndGlobalSection
	GlobalSection(ExtensibilityGlobals) = postSolution
		SolutionGuid = {156BBC24-841A-451E-A511-64EB2330FD55}
	EndGlobalSection
EndGlobal
