
Microsoft Visual Studio Solution File, Format Version 12.00
# Visual Studio 15
VisualStudioVersion = 15.0.28307.168
MinimumVisualStudioVersion = 10.0.40219.1
Project("{FAE04EC0-301F-11D3-BF4B-00C04F79EFBC}") = "DataGridViewWithBooksAndAuthors", "DataGridViewWithBooksAndAuthors\DataGridViewWithBooksAndAuthors.csproj", "{5E027054-5950-48EF-8096-3E8E96C5BA6A}"
EndProject
Project("{FAE04EC0-301F-11D3-BF4B-00C04F79EFBC}") = "UnitTestProject1", "UnitTestProject1\UnitTestProject1.csproj", "{067BF076-9676-4DC5-B5A1-856D89DDBECE}"
EndProject
Global
	GlobalSection(SolutionConfigurationPlatforms) = preSolution
		Debug|Any CPU = Debug|Any CPU
		Release|Any CPU = Release|Any CPU
	EndGlobalSection
	GlobalSection(ProjectConfigurationPlatforms) = postSolution
		{5E027054-5950-48EF-8096-3E8E96C5BA6A}.Debug|Any CPU.ActiveCfg = Debug|Any CPU
		{5E027054-5950-48EF-8096-3E8E96C5BA6A}.Debug|Any CPU.Build.0 = Debug|Any CPU
		{5E027054-5950-48EF-8096-3E8E96C5BA6A}.Release|Any CPU.ActiveCfg = Release|Any CPU
		{5E027054-5950-48EF-8096-3E8E96C5BA6A}.Release|Any CPU.Build.0 = Release|Any CPU
		{067BF076-9676-4DC5-B5A1-856D89DDBECE}.Debug|Any CPU.ActiveCfg = Debug|Any CPU
		{067BF076-9676-4DC5-B5A1-856D89DDBECE}.Debug|Any CPU.Build.0 = Debug|Any CPU
		{067BF076-9676-4DC5-B5A1-856D89DDBECE}.Release|Any CPU.ActiveCfg = Release|Any CPU
		{067BF076-9676-4DC5-B5A1-856D89DDBECE}.Release|Any CPU.Build.0 = Release|Any CPU
	EndGlobalSection
	GlobalSection(SolutionProperties) = preSolution
		HideSolutionNode = FALSE
	EndGlobalSection
	GlobalSection(ExtensibilityGlobals) = postSolution
		SolutionGuid = {156C8620-03BB-43BD-9941-47237C012040}
	EndGlobalSection
EndGlobal
